// !$*UTF8*$!
{
	archiveVersion = 1;
	classes = {
	};
	objectVersion = 56;
	objects = {

/* Begin PBXBuildFile section */
		35136B5B2C22228E0003A976 /* FlickrApp.swift in Sources */ = {isa = PBXBuildFile; fileRef = 35136B5A2C22228E0003A976 /* FlickrApp.swift */; };
		35136B5D2C22228E0003A976 /* ContentView.swift in Sources */ = {isa = PBXBuildFile; fileRef = 35136B5C2C22228E0003A976 /* ContentView.swift */; };
		35136B5F2C22228F0003A976 /* Assets.xcassets in Resources */ = {isa = PBXBuildFile; fileRef = 35136B5E2C22228F0003A976 /* Assets.xcassets */; };
		35136B622C22228F0003A976 /* Preview Assets.xcassets in Resources */ = {isa = PBXBuildFile; fileRef = 35136B612C22228F0003A976 /* Preview Assets.xcassets */; };
		35136B6C2C22228F0003A976 /* FlickrTests.swift in Sources */ = {isa = PBXBuildFile; fileRef = 35136B6B2C22228F0003A976 /* FlickrTests.swift */; };
		35136B762C22228F0003A976 /* FlickrUITests.swift in Sources */ = {isa = PBXBuildFile; fileRef = 35136B752C22228F0003A976 /* FlickrUITests.swift */; };
		35136B782C22228F0003A976 /* FlickrUITestsLaunchTests.swift in Sources */ = {isa = PBXBuildFile; fileRef = 35136B772C22228F0003A976 /* FlickrUITestsLaunchTests.swift */; };
		35136BBF2C226B7B0003A976 /* APIService.swift in Sources */ = {isa = PBXBuildFile; fileRef = 35136BBE2C226B7B0003A976 /* APIService.swift */; };
		35136BC32C226EC30003A976 /* APIError.swift in Sources */ = {isa = PBXBuildFile; fileRef = 35136BC22C226EC30003A976 /* APIError.swift */; };
		35136BC72C226F870003A976 /* FlickrService.swift in Sources */ = {isa = PBXBuildFile; fileRef = 35136BC62C226F870003A976 /* FlickrService.swift */; };
		35136BC92C22713C0003A976 /* FlickrError.swift in Sources */ = {isa = PBXBuildFile; fileRef = 35136BC82C22713C0003A976 /* FlickrError.swift */; };
		35136BCB2C22732F0003A976 /* FlickrFetcher.swift in Sources */ = {isa = PBXBuildFile; fileRef = 35136BCA2C22732F0003A976 /* FlickrFetcher.swift */; };
		35136BCD2C2273DC0003A976 /* FlickrImage.swift in Sources */ = {isa = PBXBuildFile; fileRef = 35136BCC2C2273DC0003A976 /* FlickrImage.swift */; };
		35136BD02C22880D0003A976 /* FlickrImageView.swift in Sources */ = {isa = PBXBuildFile; fileRef = 35136BCF2C22880D0003A976 /* FlickrImageView.swift */; };
		35136BD32C22895A0003A976 /* LoadingView.swift in Sources */ = {isa = PBXBuildFile; fileRef = 35136BD22C22895A0003A976 /* LoadingView.swift */; };
		35136BD62C23126C0003A976 /* ErrorView.swift in Sources */ = {isa = PBXBuildFile; fileRef = 35136BD52C23126C0003A976 /* ErrorView.swift */; };
		35136BD82C2313C60003A976 /* FlickrListView.swift in Sources */ = {isa = PBXBuildFile; fileRef = 35136BD72C2313C60003A976 /* FlickrListView.swift */; };
		35136BDA2C233ED40003A976 /* FlickrDetailView.swift in Sources */ = {isa = PBXBuildFile; fileRef = 35136BD92C233ED40003A976 /* FlickrDetailView.swift */; };
		35136BDC2C2347770003A976 /* String+Formatters.swift in Sources */ = {isa = PBXBuildFile; fileRef = 35136BDB2C2347770003A976 /* String+Formatters.swift */; };
		35136BDE2C2348500003A976 /* APIMockService.swift in Sources */ = {isa = PBXBuildFile; fileRef = 35136BDD2C2348500003A976 /* APIMockService.swift */; };
		35136BE02C2348840003A976 /* FlickrServiceProtocol.swift in Sources */ = {isa = PBXBuildFile; fileRef = 35136BDF2C2348840003A976 /* FlickrServiceProtocol.swift */; };
/* End PBXBuildFile section */

/* Begin PBXContainerItemProxy section */
		35136B682C22228F0003A976 /* PBXContainerItemProxy */ = {
			isa = PBXContainerItemProxy;
			containerPortal = 35136B4F2C22228E0003A976 /* Project object */;
			proxyType = 1;
			remoteGlobalIDString = 35136B562C22228E0003A976;
			remoteInfo = Flickr;
		};
		35136B722C22228F0003A976 /* PBXContainerItemProxy */ = {
			isa = PBXContainerItemProxy;
			containerPortal = 35136B4F2C22228E0003A976 /* Project object */;
			proxyType = 1;
			remoteGlobalIDString = 35136B562C22228E0003A976;
			remoteInfo = Flickr;
		};
/* End PBXContainerItemProxy section */

/* Begin PBXFileReference section */
		35136B572C22228E0003A976 /* Flickr.app */ = {isa = PBXFileReference; explicitFileType = wrapper.application; includeInIndex = 0; path = Flickr.app; sourceTree = BUILT_PRODUCTS_DIR; };
		35136B5A2C22228E0003A976 /* FlickrApp.swift */ = {isa = PBXFileReference; lastKnownFileType = sourcecode.swift; path = FlickrApp.swift; sourceTree = "<group>"; };
		35136B5C2C22228E0003A976 /* ContentView.swift */ = {isa = PBXFileReference; lastKnownFileType = sourcecode.swift; path = ContentView.swift; sourceTree = "<group>"; };
		35136B5E2C22228F0003A976 /* Assets.xcassets */ = {isa = PBXFileReference; lastKnownFileType = folder.assetcatalog; path = Assets.xcassets; sourceTree = "<group>"; };
		35136B612C22228F0003A976 /* Preview Assets.xcassets */ = {isa = PBXFileReference; lastKnownFileType = folder.assetcatalog; path = "Preview Assets.xcassets"; sourceTree = "<group>"; };
		35136B672C22228F0003A976 /* FlickrTests.xctest */ = {isa = PBXFileReference; explicitFileType = wrapper.cfbundle; includeInIndex = 0; path = FlickrTests.xctest; sourceTree = BUILT_PRODUCTS_DIR; };
		35136B6B2C22228F0003A976 /* FlickrTests.swift */ = {isa = PBXFileReference; lastKnownFileType = sourcecode.swift; path = FlickrTests.swift; sourceTree = "<group>"; };
		35136B712C22228F0003A976 /* FlickrUITests.xctest */ = {isa = PBXFileReference; explicitFileType = wrapper.cfbundle; includeInIndex = 0; path = FlickrUITests.xctest; sourceTree = BUILT_PRODUCTS_DIR; };
		35136B752C22228F0003A976 /* FlickrUITests.swift */ = {isa = PBXFileReference; lastKnownFileType = sourcecode.swift; path = FlickrUITests.swift; sourceTree = "<group>"; };
		35136B772C22228F0003A976 /* FlickrUITestsLaunchTests.swift */ = {isa = PBXFileReference; lastKnownFileType = sourcecode.swift; path = FlickrUITestsLaunchTests.swift; sourceTree = "<group>"; };
		35136BBE2C226B7B0003A976 /* APIService.swift */ = {isa = PBXFileReference; lastKnownFileType = sourcecode.swift; path = APIService.swift; sourceTree = "<group>"; };
		35136BC22C226EC30003A976 /* APIError.swift */ = {isa = PBXFileReference; lastKnownFileType = sourcecode.swift; path = APIError.swift; sourceTree = "<group>"; };
		35136BC62C226F870003A976 /* FlickrService.swift */ = {isa = PBXFileReference; lastKnownFileType = sourcecode.swift; path = FlickrService.swift; sourceTree = "<group>"; };
		35136BC82C22713C0003A976 /* FlickrError.swift */ = {isa = PBXFileReference; lastKnownFileType = sourcecode.swift; path = FlickrError.swift; sourceTree = "<group>"; };
		35136BCA2C22732F0003A976 /* FlickrFetcher.swift */ = {isa = PBXFileReference; lastKnownFileType = sourcecode.swift; path = FlickrFetcher.swift; sourceTree = "<group>"; };
		35136BCC2C2273DC0003A976 /* FlickrImage.swift */ = {isa = PBXFileReference; lastKnownFileType = sourcecode.swift; path = FlickrImage.swift; sourceTree = "<group>"; };
		35136BCF2C22880D0003A976 /* FlickrImageView.swift */ = {isa = PBXFileReference; lastKnownFileType = sourcecode.swift; path = FlickrImageView.swift; sourceTree = "<group>"; };
		35136BD22C22895A0003A976 /* LoadingView.swift */ = {isa = PBXFileReference; lastKnownFileType = sourcecode.swift; path = LoadingView.swift; sourceTree = "<group>"; };
		35136BD52C23126C0003A976 /* ErrorView.swift */ = {isa = PBXFileReference; lastKnownFileType = sourcecode.swift; path = ErrorView.swift; sourceTree = "<group>"; };
		35136BD72C2313C60003A976 /* FlickrListView.swift */ = {isa = PBXFileReference; lastKnownFileType = sourcecode.swift; path = FlickrListView.swift; sourceTree = "<group>"; };
		35136BD92C233ED40003A976 /* FlickrDetailView.swift */ = {isa = PBXFileReference; lastKnownFileType = sourcecode.swift; path = FlickrDetailView.swift; sourceTree = "<group>"; };
		35136BDB2C2347770003A976 /* String+Formatters.swift */ = {isa = PBXFileReference; lastKnownFileType = sourcecode.swift; path = "String+Formatters.swift"; sourceTree = "<group>"; };
		35136BDD2C2348500003A976 /* APIMockService.swift */ = {isa = PBXFileReference; lastKnownFileType = sourcecode.swift; path = APIMockService.swift; sourceTree = "<group>"; };
		35136BDF2C2348840003A976 /* FlickrServiceProtocol.swift */ = {isa = PBXFileReference; lastKnownFileType = sourcecode.swift; path = FlickrServiceProtocol.swift; sourceTree = "<group>"; };
/* End PBXFileReference section */

/* Begin PBXFrameworksBuildPhase section */
		35136B542C22228E0003A976 /* Frameworks */ = {
			isa = PBXFrameworksBuildPhase;
			buildActionMask = 2147483647;
			files = (
			);
			runOnlyForDeploymentPostprocessing = 0;
		};
		35136B642C22228F0003A976 /* Frameworks */ = {
			isa = PBXFrameworksBuildPhase;
			buildActionMask = 2147483647;
			files = (
			);
			runOnlyForDeploymentPostprocessing = 0;
		};
		35136B6E2C22228F0003A976 /* Frameworks */ = {
			isa = PBXFrameworksBuildPhase;
			buildActionMask = 2147483647;
			files = (
			);
			runOnlyForDeploymentPostprocessing = 0;
		};
/* End PBXFrameworksBuildPhase section */

/* Begin PBXGroup section */
		35136B4E2C22228E0003A976 = {
			isa = PBXGroup;
			children = (
				35136B592C22228E0003A976 /* Flickr */,
				35136B6A2C22228F0003A976 /* FlickrTests */,
				35136B742C22228F0003A976 /* FlickrUITests */,
				35136B582C22228E0003A976 /* Products */,
			);
			sourceTree = "<group>";
		};
		35136B582C22228E0003A976 /* Products */ = {
			isa = PBXGroup;
			children = (
				35136B572C22228E0003A976 /* Flickr.app */,
				35136B672C22228F0003A976 /* FlickrTests.xctest */,
				35136B712C22228F0003A976 /* FlickrUITests.xctest */,
			);
			name = Products;
			sourceTree = "<group>";
		};
		35136B592C22228E0003A976 /* Flickr */ = {
			isa = PBXGroup;
			children = (
				35136B5A2C22228E0003A976 /* FlickrApp.swift */,
				35136B5E2C22228F0003A976 /* Assets.xcassets */,
				35136B602C22228F0003A976 /* Preview Content */,
				35136BC12C226B8B0003A976 /* Network */,
				35136BC02C226B820003A976 /* Model */,
				35136BD42C2289FF0003A976 /* ViewModel */,
				35136BD12C2288690003A976 /* View */,
			);
			path = Flickr;
			sourceTree = "<group>";
		};
		35136B602C22228F0003A976 /* Preview Content */ = {
			isa = PBXGroup;
			children = (
				35136B612C22228F0003A976 /* Preview Assets.xcassets */,
			);
			path = "Preview Content";
			sourceTree = "<group>";
		};
		35136B6A2C22228F0003A976 /* FlickrTests */ = {
			isa = PBXGroup;
			children = (
				35136B6B2C22228F0003A976 /* FlickrTests.swift */,
				35136BDD2C2348500003A976 /* APIMockService.swift */,
			);
			path = FlickrTests;
			sourceTree = "<group>";
		};
		35136B742C22228F0003A976 /* FlickrUITests */ = {
			isa = PBXGroup;
			children = (
				35136B752C22228F0003A976 /* FlickrUITests.swift */,
				35136B772C22228F0003A976 /* FlickrUITestsLaunchTests.swift */,
			);
			path = FlickrUITests;
			sourceTree = "<group>";
		};
		35136BC02C226B820003A976 /* Model */ = {
			isa = PBXGroup;
			children = (
				35136BCC2C2273DC0003A976 /* FlickrImage.swift */,
				35136BDB2C2347770003A976 /* String+Formatters.swift */,
			);
			path = Model;
			sourceTree = "<group>";
		};
		35136BC12C226B8B0003A976 /* Network */ = {
			isa = PBXGroup;
			children = (
				35136BBE2C226B7B0003A976 /* APIService.swift */,
				35136BC22C226EC30003A976 /* APIError.swift */,
				35136BCE2C227A920003A976 /* FlickrService */,
				35136BDF2C2348840003A976 /* FlickrServiceProtocol.swift */,
			);
			path = Network;
			sourceTree = "<group>";
		};
		35136BCE2C227A920003A976 /* FlickrService */ = {
			isa = PBXGroup;
			children = (
				35136BC62C226F870003A976 /* FlickrService.swift */,
				35136BC82C22713C0003A976 /* FlickrError.swift */,
			);
			path = FlickrService;
			sourceTree = "<group>";
		};
		35136BD12C2288690003A976 /* View */ = {
			isa = PBXGroup;
			children = (
				35136B5C2C22228E0003A976 /* ContentView.swift */,
				35136BD72C2313C60003A976 /* FlickrListView.swift */,
				35136BCF2C22880D0003A976 /* FlickrImageView.swift */,
				35136BD22C22895A0003A976 /* LoadingView.swift */,
				35136BD52C23126C0003A976 /* ErrorView.swift */,
				35136BD92C233ED40003A976 /* FlickrDetailView.swift */,
			);
			path = View;
			sourceTree = "<group>";
		};
		35136BD42C2289FF0003A976 /* ViewModel */ = {
			isa = PBXGroup;
			children = (
				35136BCA2C22732F0003A976 /* FlickrFetcher.swift */,
			);
			path = ViewModel;
			sourceTree = "<group>";
		};
/* End PBXGroup section */

/* Begin PBXNativeTarget section */
		35136B562C22228E0003A976 /* Flickr */ = {
			isa = PBXNativeTarget;
			buildConfigurationList = 35136B7B2C22228F0003A976 /* Build configuration list for PBXNativeTarget "Flickr" */;
			buildPhases = (
				35136B532C22228E0003A976 /* Sources */,
				35136B542C22228E0003A976 /* Frameworks */,
				35136B552C22228E0003A976 /* Resources */,
			);
			buildRules = (
			);
			dependencies = (
			);
			name = Flickr;
			productName = Flickr;
			productReference = 35136B572C22228E0003A976 /* Flickr.app */;
			productType = "com.apple.product-type.application";
		};
		35136B662C22228F0003A976 /* FlickrTests */ = {
			isa = PBXNativeTarget;
			buildConfigurationList = 35136B7E2C22228F0003A976 /* Build configuration list for PBXNativeTarget "FlickrTests" */;
			buildPhases = (
				35136B632C22228F0003A976 /* Sources */,
				35136B642C22228F0003A976 /* Frameworks */,
				35136B652C22228F0003A976 /* Resources */,
			);
			buildRules = (
			);
			dependencies = (
				35136B692C22228F0003A976 /* PBXTargetDependency */,
			);
			name = FlickrTests;
			productName = FlickrTests;
			productReference = 35136B672C22228F0003A976 /* FlickrTests.xctest */;
			productType = "com.apple.product-type.bundle.unit-test";
		};
		35136B702C22228F0003A976 /* FlickrUITests */ = {
			isa = PBXNativeTarget;
			buildConfigurationList = 35136B812C22228F0003A976 /* Build configuration list for PBXNativeTarget "FlickrUITests" */;
			buildPhases = (
				35136B6D2C22228F0003A976 /* Sources */,
				35136B6E2C22228F0003A976 /* Frameworks */,
				35136B6F2C22228F0003A976 /* Resources */,
			);
			buildRules = (
			);
			dependencies = (
				35136B732C22228F0003A976 /* PBXTargetDependency */,
			);
			name = FlickrUITests;
			productName = FlickrUITests;
			productReference = 35136B712C22228F0003A976 /* FlickrUITests.xctest */;
			productType = "com.apple.product-type.bundle.ui-testing";
		};
/* End PBXNativeTarget section */

/* Begin PBXProject section */
		35136B4F2C22228E0003A976 /* Project object */ = {
			isa = PBXProject;
			attributes = {
				BuildIndependentTargetsInParallel = 1;
				LastSwiftUpdateCheck = 1530;
				LastUpgradeCheck = 1530;
				TargetAttributes = {
					35136B562C22228E0003A976 = {
						CreatedOnToolsVersion = 15.3;
					};
					35136B662C22228F0003A976 = {
						CreatedOnToolsVersion = 15.3;
						TestTargetID = 35136B562C22228E0003A976;
					};
					35136B702C22228F0003A976 = {
						CreatedOnToolsVersion = 15.3;
						TestTargetID = 35136B562C22228E0003A976;
					};
				};
			};
			buildConfigurationList = 35136B522C22228E0003A976 /* Build configuration list for PBXProject "Flickr" */;
			compatibilityVersion = "Xcode 14.0";
			developmentRegion = en;
			hasScannedForEncodings = 0;
			knownRegions = (
				en,
				Base,
			);
			mainGroup = 35136B4E2C22228E0003A976;
			productRefGroup = 35136B582C22228E0003A976 /* Products */;
			projectDirPath = "";
			projectRoot = "";
			targets = (
				35136B562C22228E0003A976 /* Flickr */,
				35136B662C22228F0003A976 /* FlickrTests */,
				35136B702C22228F0003A976 /* FlickrUITests */,
			);
		};
/* End PBXProject section */

/* Begin PBXResourcesBuildPhase section */
		35136B552C22228E0003A976 /* Resources */ = {
			isa = PBXResourcesBuildPhase;
			buildActionMask = 2147483647;
			files = (
				35136B622C22228F0003A976 /* Preview Assets.xcassets in Resources */,
				35136B5F2C22228F0003A976 /* Assets.xcassets in Resources */,
			);
			runOnlyForDeploymentPostprocessing = 0;
		};
		35136B652C22228F0003A976 /* Resources */ = {
			isa = PBXResourcesBuildPhase;
			buildActionMask = 2147483647;
			files = (
			);
			runOnlyForDeploymentPostprocessing = 0;
		};
		35136B6F2C22228F0003A976 /* Resources */ = {
			isa = PBXResourcesBuildPhase;
			buildActionMask = 2147483647;
			files = (
			);
			runOnlyForDeploymentPostprocessing = 0;
		};
/* End PBXResourcesBuildPhase section */

/* Begin PBXSourcesBuildPhase section */
		35136B532C22228E0003A976 /* Sources */ = {
			isa = PBXSourcesBuildPhase;
			buildActionMask = 2147483647;
			files = (
				35136BD02C22880D0003A976 /* FlickrImageView.swift in Sources */,
				35136BC92C22713C0003A976 /* FlickrError.swift in Sources */,
				35136BC72C226F870003A976 /* FlickrService.swift in Sources */,
				35136BE02C2348840003A976 /* FlickrServiceProtocol.swift in Sources */,
				35136BD32C22895A0003A976 /* LoadingView.swift in Sources */,
				35136BCD2C2273DC0003A976 /* FlickrImage.swift in Sources */,
				35136BDC2C2347770003A976 /* String+Formatters.swift in Sources */,
				35136BDA2C233ED40003A976 /* FlickrDetailView.swift in Sources */,
				35136B5D2C22228E0003A976 /* ContentView.swift in Sources */,
				35136BC32C226EC30003A976 /* APIError.swift in Sources */,
				35136BBF2C226B7B0003A976 /* APIService.swift in Sources */,
				35136BCB2C22732F0003A976 /* FlickrFetcher.swift in Sources */,
				35136BD82C2313C60003A976 /* FlickrListView.swift in Sources */,
				35136B5B2C22228E0003A976 /* FlickrApp.swift in Sources */,
				35136BD62C23126C0003A976 /* ErrorView.swift in Sources */,
			);
			runOnlyForDeploymentPostprocessing = 0;
		};
		35136B632C22228F0003A976 /* Sources */ = {
			isa = PBXSourcesBuildPhase;
			buildActionMask = 2147483647;
			files = (
				35136BDE2C2348500003A976 /* APIMockService.swift in Sources */,
				35136B6C2C22228F0003A976 /* FlickrTests.swift in Sources */,
			);
			runOnlyForDeploymentPostprocessing = 0;
		};
		35136B6D2C22228F0003A976 /* Sources */ = {
			isa = PBXSourcesBuildPhase;
			buildActionMask = 2147483647;
			files = (
				35136B762C22228F0003A976 /* FlickrUITests.swift in Sources */,
				35136B782C22228F0003A976 /* FlickrUITestsLaunchTests.swift in Sources */,
			);
			runOnlyForDeploymentPostprocessing = 0;
		};
/* End PBXSourcesBuildPhase section */

/* Begin PBXTargetDependency section */
		35136B692C22228F0003A976 /* PBXTargetDependency */ = {
			isa = PBXTargetDependency;
			target = 35136B562C22228E0003A976 /* Flickr */;
			targetProxy = 35136B682C22228F0003A976 /* PBXContainerItemProxy */;
		};
		35136B732C22228F0003A976 /* PBXTargetDependency */ = {
			isa = PBXTargetDependency;
			target = 35136B562C22228E0003A976 /* Flickr */;
			targetProxy = 35136B722C22228F0003A976 /* PBXContainerItemProxy */;
		};
/* End PBXTargetDependency section */

/* Begin XCBuildConfiguration section */
		35136B792C22228F0003A976 /* Debug */ = {
			isa = XCBuildConfiguration;
			buildSettings = {
				ALWAYS_SEARCH_USER_PATHS = NO;
				ASSETCATALOG_COMPILER_GENERATE_SWIFT_ASSET_SYMBOL_EXTENSIONS = YES;
				CLANG_ANALYZER_NONNULL = YES;
				CLANG_ANALYZER_NUMBER_OBJECT_CONVERSION = YES_AGGRESSIVE;
				CLANG_CXX_LANGUAGE_STANDARD = "gnu++20";
				CLANG_ENABLE_MODULES = YES;
				CLANG_ENABLE_OBJC_ARC = YES;
				CLANG_ENABLE_OBJC_WEAK = YES;
				CLANG_WARN_BLOCK_CAPTURE_AUTORELEASING = YES;
				CLANG_WARN_BOOL_CONVERSION = YES;
				CLANG_WARN_COMMA = YES;
				CLANG_WARN_CONSTANT_CONVERSION = YES;
				CLANG_WARN_DEPRECATED_OBJC_IMPLEMENTATIONS = YES;
				CLANG_WARN_DIRECT_OBJC_ISA_USAGE = YES_ERROR;
				CLANG_WARN_DOCUMENTATION_COMMENTS = YES;
				CLANG_WARN_EMPTY_BODY = YES;
				CLANG_WARN_ENUM_CONVERSION = YES;
				CLANG_WARN_INFINITE_RECURSION = YES;
				CLANG_WARN_INT_CONVERSION = YES;
				CLANG_WARN_NON_LITERAL_NULL_CONVERSION = YES;
				CLANG_WARN_OBJC_IMPLICIT_RETAIN_SELF = YES;
				CLANG_WARN_OBJC_LITERAL_CONVERSION = YES;
				CLANG_WARN_OBJC_ROOT_CLASS = YES_ERROR;
				CLANG_WARN_QUOTED_INCLUDE_IN_FRAMEWORK_HEADER = YES;
				CLANG_WARN_RANGE_LOOP_ANALYSIS = YES;
				CLANG_WARN_STRICT_PROTOTYPES = YES;
				CLANG_WARN_SUSPICIOUS_MOVE = YES;
				CLANG_WARN_UNGUARDED_AVAILABILITY = YES_AGGRESSIVE;
				CLANG_WARN_UNREACHABLE_CODE = YES;
				CLANG_WARN__DUPLICATE_METHOD_MATCH = YES;
				COPY_PHASE_STRIP = NO;
				DEBUG_INFORMATION_FORMAT = dwarf;
				ENABLE_STRICT_OBJC_MSGSEND = YES;
				ENABLE_TESTABILITY = YES;
				ENABLE_USER_SCRIPT_SANDBOXING = YES;
				GCC_C_LANGUAGE_STANDARD = gnu17;
				GCC_DYNAMIC_NO_PIC = NO;
				GCC_NO_COMMON_BLOCKS = YES;
				GCC_OPTIMIZATION_LEVEL = 0;
				GCC_PREPROCESSOR_DEFINITIONS = (
					"DEBUG=1",
					"$(inherited)",
				);
				GCC_WARN_64_TO_32_BIT_CONVERSION = YES;
				GCC_WARN_ABOUT_RETURN_TYPE = YES_ERROR;
				GCC_WARN_UNDECLARED_SELECTOR = YES;
				GCC_WARN_UNINITIALIZED_AUTOS = YES_AGGRESSIVE;
				GCC_WARN_UNUSED_FUNCTION = YES;
				GCC_WARN_UNUSED_VARIABLE = YES;
				IPHONEOS_DEPLOYMENT_TARGET = 17.4;
				LOCALIZATION_PREFERS_STRING_CATALOGS = YES;
				MTL_ENABLE_DEBUG_INFO = INCLUDE_SOURCE;
				MTL_FAST_MATH = YES;
				ONLY_ACTIVE_ARCH = YES;
				SDKROOT = iphoneos;
				SWIFT_ACTIVE_COMPILATION_CONDITIONS = "DEBUG $(inherited)";
				SWIFT_OPTIMIZATION_LEVEL = "-Onone";
			};
			name = Debug;
		};
		35136B7A2C22228F0003A976 /* Release */ = {
			isa = XCBuildConfiguration;
			buildSettings = {
				ALWAYS_SEARCH_USER_PATHS = NO;
				ASSETCATALOG_COMPILER_GENERATE_SWIFT_ASSET_SYMBOL_EXTENSIONS = YES;
				CLANG_ANALYZER_NONNULL = YES;
				CLANG_ANALYZER_NUMBER_OBJECT_CONVERSION = YES_AGGRESSIVE;
				CLANG_CXX_LANGUAGE_STANDARD = "gnu++20";
				CLANG_ENABLE_MODULES = YES;
				CLANG_ENABLE_OBJC_ARC = YES;
				CLANG_ENABLE_OBJC_WEAK = YES;
				CLANG_WARN_BLOCK_CAPTURE_AUTORELEASING = YES;
				CLANG_WARN_BOOL_CONVERSION = YES;
				CLANG_WARN_COMMA = YES;
				CLANG_WARN_CONSTANT_CONVERSION = YES;
				CLANG_WARN_DEPRECATED_OBJC_IMPLEMENTATIONS = YES;
				CLANG_WARN_DIRECT_OBJC_ISA_USAGE = YES_ERROR;
				CLANG_WARN_DOCUMENTATION_COMMENTS = YES;
				CLANG_WARN_EMPTY_BODY = YES;
				CLANG_WARN_ENUM_CONVERSION = YES;
				CLANG_WARN_INFINITE_RECURSION = YES;
				CLANG_WARN_INT_CONVERSION = YES;
				CLANG_WARN_NON_LITERAL_NULL_CONVERSION = YES;
				CLANG_WARN_OBJC_IMPLICIT_RETAIN_SELF = YES;
				CLANG_WARN_OBJC_LITERAL_CONVERSION = YES;
				CLANG_WARN_OBJC_ROOT_CLASS = YES_ERROR;
				CLANG_WARN_QUOTED_INCLUDE_IN_FRAMEWORK_HEADER = YES;
				CLANG_WARN_RANGE_LOOP_ANALYSIS = YES;
				CLANG_WARN_STRICT_PROTOTYPES = YES;
				CLANG_WARN_SUSPICIOUS_MOVE = YES;
				CLANG_WARN_UNGUARDED_AVAILABILITY = YES_AGGRESSIVE;
				CLANG_WARN_UNREACHABLE_CODE = YES;
				CLANG_WARN__DUPLICATE_METHOD_MATCH = YES;
				COPY_PHASE_STRIP = NO;
				DEBUG_INFORMATION_FORMAT = "dwarf-with-dsym";
				ENABLE_NS_ASSERTIONS = NO;
				ENABLE_STRICT_OBJC_MSGSEND = YES;
				ENABLE_USER_SCRIPT_SANDBOXING = YES;
				GCC_C_LANGUAGE_STANDARD = gnu17;
				GCC_NO_COMMON_BLOCKS = YES;
				GCC_WARN_64_TO_32_BIT_CONVERSION = YES;
				GCC_WARN_ABOUT_RETURN_TYPE = YES_ERROR;
				GCC_WARN_UNDECLARED_SELECTOR = YES;
				GCC_WARN_UNINITIALIZED_AUTOS = YES_AGGRESSIVE;
				GCC_WARN_UNUSED_FUNCTION = YES;
				GCC_WARN_UNUSED_VARIABLE = YES;
				IPHONEOS_DEPLOYMENT_TARGET = 17.4;
				LOCALIZATION_PREFERS_STRING_CATALOGS = YES;
				MTL_ENABLE_DEBUG_INFO = NO;
				MTL_FAST_MATH = YES;
				SDKROOT = iphoneos;
				SWIFT_COMPILATION_MODE = wholemodule;
				VALIDATE_PRODUCT = YES;
			};
			name = Release;
		};
		35136B7C2C22228F0003A976 /* Debug */ = {
			isa = XCBuildConfiguration;
			buildSettings = {
				ASSETCATALOG_COMPILER_APPICON_NAME = AppIcon;
				ASSETCATALOG_COMPILER_GLOBAL_ACCENT_COLOR_NAME = AccentColor;
				CODE_SIGN_STYLE = Automatic;
				CURRENT_PROJECT_VERSION = 1;
				DEVELOPMENT_ASSET_PATHS = "\"Flickr/Preview Content\"";
				DEVELOPMENT_TEAM = J8KTVZYBHF;
				ENABLE_PREVIEWS = YES;
				GENERATE_INFOPLIST_FILE = YES;
				INFOPLIST_KEY_UIApplicationSceneManifest_Generation = YES;
				INFOPLIST_KEY_UIApplicationSupportsIndirectInputEvents = YES;
				INFOPLIST_KEY_UILaunchScreen_Generation = YES;
				INFOPLIST_KEY_UISupportedInterfaceOrientations_iPad = "UIInterfaceOrientationPortrait UIInterfaceOrientationPortraitUpsideDown UIInterfaceOrientationLandscapeLeft UIInterfaceOrientationLandscapeRight";
				INFOPLIST_KEY_UISupportedInterfaceOrientations_iPhone = "UIInterfaceOrientationPortrait UIInterfaceOrientationLandscapeLeft UIInterfaceOrientationLandscapeRight";
				IPHONEOS_DEPLOYMENT_TARGET = 17.4;
				LD_RUNPATH_SEARCH_PATHS = (
					"$(inherited)",
					"@executable_path/Frameworks",
				);
				MARKETING_VERSION = 1.0;
				PRODUCT_BUNDLE_IDENTIFIER = com.sflorido.Flickr;
				PRODUCT_NAME = "$(TARGET_NAME)";
				SWIFT_EMIT_LOC_STRINGS = YES;
				SWIFT_VERSION = 5.0;
				TARGETED_DEVICE_FAMILY = "1,2";
			};
			name = Debug;
		};
		35136B7D2C22228F0003A976 /* Release */ = {
			isa = XCBuildConfiguration;
			buildSettings = {
				ASSETCATALOG_COMPILER_APPICON_NAME = AppIcon;
				ASSETCATALOG_COMPILER_GLOBAL_ACCENT_COLOR_NAME = AccentColor;
				CODE_SIGN_STYLE = Automatic;
				CURRENT_PROJECT_VERSION = 1;
				DEVELOPMENT_ASSET_PATHS = "\"Flickr/Preview Content\"";
				DEVELOPMENT_TEAM = J8KTVZYBHF;
				ENABLE_PREVIEWS = YES;
				GENERATE_INFOPLIST_FILE = YES;
				INFOPLIST_KEY_UIApplicationSceneManifest_Generation = YES;
				INFOPLIST_KEY_UIApplicationSupportsIndirectInputEvents = YES;
				INFOPLIST_KEY_UILaunchScreen_Generation = YES;
				INFOPLIST_KEY_UISupportedInterfaceOrientations_iPad = "UIInterfaceOrientationPortrait UIInterfaceOrientationPortraitUpsideDown UIInterfaceOrientationLandscapeLeft UIInterfaceOrientationLandscapeRight";
				INFOPLIST_KEY_UISupportedInterfaceOrientations_iPhone = "UIInterfaceOrientationPortrait UIInterfaceOrientationLandscapeLeft UIInterfaceOrientationLandscapeRight";
				IPHONEOS_DEPLOYMENT_TARGET = 17.4;
				LD_RUNPATH_SEARCH_PATHS = (
					"$(inherited)",
					"@executable_path/Frameworks",
				);
				MARKETING_VERSION = 1.0;
				PRODUCT_BUNDLE_IDENTIFIER = com.sflorido.Flickr;
				PRODUCT_NAME = "$(TARGET_NAME)";
				SWIFT_EMIT_LOC_STRINGS = YES;
				SWIFT_VERSION = 5.0;
				TARGETED_DEVICE_FAMILY = "1,2";
			};
			name = Release;
		};
		35136B7F2C22228F0003A976 /* Debug */ = {
			isa = XCBuildConfiguration;
			buildSettings = {
				ALWAYS_EMBED_SWIFT_STANDARD_LIBRARIES = YES;
				BUNDLE_LOADER = "$(TEST_HOST)";
				CODE_SIGN_STYLE = Automatic;
				CURRENT_PROJECT_VERSION = 1;
				DEVELOPMENT_TEAM = J8KTVZYBHF;
				GENERATE_INFOPLIST_FILE = YES;
				IPHONEOS_DEPLOYMENT_TARGET = 17.4;
				MARKETING_VERSION = 1.0;
				PRODUCT_BUNDLE_IDENTIFIER = com.sflorido.FlickrTests;
				PRODUCT_NAME = "$(TARGET_NAME)";
				SWIFT_EMIT_LOC_STRINGS = NO;
				SWIFT_VERSION = 5.0;
				TARGETED_DEVICE_FAMILY = "1,2";
				TEST_HOST = "$(BUILT_PRODUCTS_DIR)/Flickr.app/$(BUNDLE_EXECUTABLE_FOLDER_PATH)/Flickr";
			};
			name = Debug;
		};
		35136B802C22228F0003A976 /* Release */ = {
			isa = XCBuildConfiguration;
			buildSettings = {
				ALWAYS_EMBED_SWIFT_STANDARD_LIBRARIES = YES;
				BUNDLE_LOADER = "$(TEST_HOST)";
				CODE_SIGN_STYLE = Automatic;
				CURRENT_PROJECT_VERSION = 1;
				DEVELOPMENT_TEAM = J8KTVZYBHF;
				GENERATE_INFOPLIST_FILE = YES;
				IPHONEOS_DEPLOYMENT_TARGET = 17.4;
				MARKETING_VERSION = 1.0;
				PRODUCT_BUNDLE_IDENTIFIER = com.sflorido.FlickrTests;
				PRODUCT_NAME = "$(TARGET_NAME)";
				SWIFT_EMIT_LOC_STRINGS = NO;
				SWIFT_VERSION = 5.0;
				TARGETED_DEVICE_FAMILY = "1,2";
				TEST_HOST = "$(BUILT_PRODUCTS_DIR)/Flickr.app/$(BUNDLE_EXECUTABLE_FOLDER_PATH)/Flickr";
			};
			name = Release;
		};
		35136B822C22228F0003A976 /* Debug */ = {
			isa = XCBuildConfiguration;
			buildSettings = {
				ALWAYS_EMBED_SWIFT_STANDARD_LIBRARIES = YES;
				CODE_SIGN_STYLE = Automatic;
				CURRENT_PROJECT_VERSION = 1;
				DEVELOPMENT_TEAM = J8KTVZYBHF;
				GENERATE_INFOPLIST_FILE = YES;
				MARKETING_VERSION = 1.0;
				PRODUCT_BUNDLE_IDENTIFIER = com.sflorido.FlickrUITests;
				PRODUCT_NAME = "$(TARGET_NAME)";
				SWIFT_EMIT_LOC_STRINGS = NO;
				SWIFT_VERSION = 5.0;
				TARGETED_DEVICE_FAMILY = "1,2";
				TEST_TARGET_NAME = Flickr;
			};
			name = Debug;
		};
		35136B832C22228F0003A976 /* Release */ = {
			isa = XCBuildConfiguration;
			buildSettings = {
				ALWAYS_EMBED_SWIFT_STANDARD_LIBRARIES = YES;
				CODE_SIGN_STYLE = Automatic;
				CURRENT_PROJECT_VERSION = 1;
				DEVELOPMENT_TEAM = J8KTVZYBHF;
				GENERATE_INFOPLIST_FILE = YES;
				MARKETING_VERSION = 1.0;
				PRODUCT_BUNDLE_IDENTIFIER = com.sflorido.FlickrUITests;
				PRODUCT_NAME = "$(TARGET_NAME)";
				SWIFT_EMIT_LOC_STRINGS = NO;
				SWIFT_VERSION = 5.0;
				TARGETED_DEVICE_FAMILY = "1,2";
				TEST_TARGET_NAME = Flickr;
			};
			name = Release;
		};
/* End XCBuildConfiguration section */

/* Begin XCConfigurationList section */
		35136B522C22228E0003A976 /* Build configuration list for PBXProject "Flickr" */ = {
			isa = XCConfigurationList;
			buildConfigurations = (
				35136B792C22228F0003A976 /* Debug */,
				35136B7A2C22228F0003A976 /* Release */,
			);
			defaultConfigurationIsVisible = 0;
			defaultConfigurationName = Release;
		};
		35136B7B2C22228F0003A976 /* Build configuration list for PBXNativeTarget "Flickr" */ = {
			isa = XCConfigurationList;
			buildConfigurations = (
				35136B7C2C22228F0003A976 /* Debug */,
				35136B7D2C22228F0003A976 /* Release */,
			);
			defaultConfigurationIsVisible = 0;
			defaultConfigurationName = Release;
		};
		35136B7E2C22228F0003A976 /* Build configuration list for PBXNativeTarget "FlickrTests" */ = {
			isa = XCConfigurationList;
			buildConfigurations = (
				35136B7F2C22228F0003A976 /* Debug */,
				35136B802C22228F0003A976 /* Release */,
			);
			defaultConfigurationIsVisible = 0;
			defaultConfigurationName = Release;
		};
		35136B812C22228F0003A976 /* Build configuration list for PBXNativeTarget "FlickrUITests" */ = {
			isa = XCConfigurationList;
			buildConfigurations = (
				35136B822C22228F0003A976 /* Debug */,
				35136B832C22228F0003A976 /* Release */,
			);
			defaultConfigurationIsVisible = 0;
			defaultConfigurationName = Release;
		};
/* End XCConfigurationList section */
	};
	rootObject = 35136B4F2C22228E0003A976 /* Project object */;
}
